
Microsoft Visual Studio Solution File, Format Version 12.00
# Visual Studio 15
VisualStudioVersion = 15.0.28307.136
MinimumVisualStudioVersion = 10.0.40219.1
Project("{FAE04EC0-301F-11D3-BF4B-00C04F79EFBC}") = "FluffyDuffyMunchkinCats.Web", "FluffyDuffyMunchkinCats.Web\FluffyDuffyMunchkinCats.Web.csproj", "{B01DD995-409E-467B-A001-BDD06266B4E5}"
EndProject
Project("{FAE04EC0-301F-11D3-BF4B-00C04F79EFBC}") = "FluffyDuffyMunchkinCats.Data", "FluffyDuffyMunchkinCats.Data\FluffyDuffyMunchkinCats.Data.csproj", "{7341D909-E155-4D52-B1F0-20AD167A4F48}"
EndProject
Project("{FAE04EC0-301F-11D3-BF4B-00C04F79EFBC}") = "FluffyDuffyMunchkinCats.Services", "FluffyDuffyMunchkinCats.Services\FluffyDuffyMunchkinCats.Services.csproj", "{41A8EE17-A87C-4223-BF7A-20C2A0F2EBEF}"
EndProject
Global
	GlobalSection(SolutionConfigurationPlatforms) = preSolution
		Debug|Any CPU = Debug|Any CPU
		Release|Any CPU = Release|Any CPU
	EndGlobalSection
	GlobalSection(ProjectConfigurationPlatforms) = postSolution
		{B01DD995-409E-467B-A001-BDD06266B4E5}.Debug|Any CPU.ActiveCfg = Debug|Any CPU
		{B01DD995-409E-467B-A001-BDD06266B4E5}.Debug|Any CPU.Build.0 = Debug|Any CPU
		{B01DD995-409E-467B-A001-BDD06266B4E5}.Release|Any CPU.ActiveCfg = Release|Any CPU
		{B01DD995-409E-467B-A001-BDD06266B4E5}.Release|Any CPU.Build.0 = Release|Any CPU
		{7341D909-E155-4D52-B1F0-20AD167A4F48}.Debug|Any CPU.ActiveCfg = Debug|Any CPU
		{7341D909-E155-4D52-B1F0-20AD167A4F48}.Debug|Any CPU.Build.0 = Debug|Any CPU
		{7341D909-E155-4D52-B1F0-20AD167A4F48}.Release|Any CPU.ActiveCfg = Release|Any CPU
		{7341D909-E155-4D52-B1F0-20AD167A4F48}.Release|Any CPU.Build.0 = Release|Any CPU
		{41A8EE17-A87C-4223-BF7A-20C2A0F2EBEF}.Debug|Any CPU.ActiveCfg = Debug|Any CPU
		{41A8EE17-A87C-4223-BF7A-20C2A0F2EBEF}.Debug|Any CPU.Build.0 = Debug|Any CPU
		{41A8EE17-A87C-4223-BF7A-20C2A0F2EBEF}.Release|Any CPU.ActiveCfg = Release|Any CPU
		{41A8EE17-A87C-4223-BF7A-20C2A0F2EBEF}.Release|Any CPU.Build.0 = Release|Any CPU
	EndGlobalSection
	GlobalSection(SolutionProperties) = preSolution
		HideSolutionNode = FALSE
	EndGlobalSection
	GlobalSection(ExtensibilityGlobals) = postSolution
		SolutionGuid = {CEC0B9D9-0FF3-439F-A7E6-8A32D6B7ABEA}
	EndGlobalSection
EndGlobal
