
Microsoft Visual Studio Solution File, Format Version 12.00
# Visual Studio 15
VisualStudioVersion = 15.0.28307.136
MinimumVisualStudioVersion = 10.0.40219.1
Project("{9A19103F-16F7-4668-BE54-9A1E7A4F7556}") = "Eventures.Web", "Eventures.Web\Eventures.Web.csproj", "{F206AD7C-91AD-42F3-BFF0-15EBA7E16E9F}"
EndProject
Project("{9A19103F-16F7-4668-BE54-9A1E7A4F7556}") = "Eventures.Data", "Eventures.Data\Eventures.Data.csproj", "{2E2B6521-53B4-43BA-872C-B89B2B730BA3}"
EndProject
Project("{9A19103F-16F7-4668-BE54-9A1E7A4F7556}") = "Eventures.Models", "Eventures.Models\Eventures.Models.csproj", "{A281AF7F-BD3E-4987-A1B1-794BA081A83C}"
EndProject
Project("{9A19103F-16F7-4668-BE54-9A1E7A4F7556}") = "Eventures.Common", "Eventures.Common\Eventures.Common.csproj", "{A7C00304-6718-43EE-A75E-332989F134AB}"
EndProject
Project("{FAE04EC0-301F-11D3-BF4B-00C04F79EFBC}") = "Eventures.Services", "Eventures.Services\Eventures.Services.csproj", "{15641817-5E69-4DA4-B271-0AC7CEAD02F2}"
EndProject
Global
	GlobalSection(SolutionConfigurationPlatforms) = preSolution
		Debug|Any CPU = Debug|Any CPU
		Release|Any CPU = Release|Any CPU
	EndGlobalSection
	GlobalSection(ProjectConfigurationPlatforms) = postSolution
		{F206AD7C-91AD-42F3-BFF0-15EBA7E16E9F}.Debug|Any CPU.ActiveCfg = Debug|Any CPU
		{F206AD7C-91AD-42F3-BFF0-15EBA7E16E9F}.Debug|Any CPU.Build.0 = Debug|Any CPU
		{F206AD7C-91AD-42F3-BFF0-15EBA7E16E9F}.Release|Any CPU.ActiveCfg = Release|Any CPU
		{F206AD7C-91AD-42F3-BFF0-15EBA7E16E9F}.Release|Any CPU.Build.0 = Release|Any CPU
		{2E2B6521-53B4-43BA-872C-B89B2B730BA3}.Debug|Any CPU.ActiveCfg = Debug|Any CPU
		{2E2B6521-53B4-43BA-872C-B89B2B730BA3}.Debug|Any CPU.Build.0 = Debug|Any CPU
		{2E2B6521-53B4-43BA-872C-B89B2B730BA3}.Release|Any CPU.ActiveCfg = Release|Any CPU
		{2E2B6521-53B4-43BA-872C-B89B2B730BA3}.Release|Any CPU.Build.0 = Release|Any CPU
		{A281AF7F-BD3E-4987-A1B1-794BA081A83C}.Debug|Any CPU.ActiveCfg = Debug|Any CPU
		{A281AF7F-BD3E-4987-A1B1-794BA081A83C}.Debug|Any CPU.Build.0 = Debug|Any CPU
		{A281AF7F-BD3E-4987-A1B1-794BA081A83C}.Release|Any CPU.ActiveCfg = Release|Any CPU
		{A281AF7F-BD3E-4987-A1B1-794BA081A83C}.Release|Any CPU.Build.0 = Release|Any CPU
		{A7C00304-6718-43EE-A75E-332989F134AB}.Debug|Any CPU.ActiveCfg = Debug|Any CPU
		{A7C00304-6718-43EE-A75E-332989F134AB}.Debug|Any CPU.Build.0 = Debug|Any CPU
		{A7C00304-6718-43EE-A75E-332989F134AB}.Release|Any CPU.ActiveCfg = Release|Any CPU
		{A7C00304-6718-43EE-A75E-332989F134AB}.Release|Any CPU.Build.0 = Release|Any CPU
		{15641817-5E69-4DA4-B271-0AC7CEAD02F2}.Debug|Any CPU.ActiveCfg = Debug|Any CPU
		{15641817-5E69-4DA4-B271-0AC7CEAD02F2}.Debug|Any CPU.Build.0 = Debug|Any CPU
		{15641817-5E69-4DA4-B271-0AC7CEAD02F2}.Release|Any CPU.ActiveCfg = Release|Any CPU
		{15641817-5E69-4DA4-B271-0AC7CEAD02F2}.Release|Any CPU.Build.0 = Release|Any CPU
	EndGlobalSection
	GlobalSection(SolutionProperties) = preSolution
		HideSolutionNode = FALSE
	EndGlobalSection
	GlobalSection(ExtensibilityGlobals) = postSolution
		SolutionGuid = {A059C61B-FCF3-46AE-AFF7-FC7C5C012B4A}
	EndGlobalSection
EndGlobal
